
Microsoft Visual Studio Solution File, Format Version 12.00
# Visual Studio 15
VisualStudioVersion = 15.0.27428.2011
MinimumVisualStudioVersion = 10.0.40219.1
Project("{FAE04EC0-301F-11D3-BF4B-00C04F79EFBC}") = "ISBN", "ISBN\ISBN.csproj", "{7504154F-D9CC-487A-8D6D-B661A5135E09}"
EndProject
Global
	GlobalSection(SolutionConfigurationPlatforms) = preSolution
		Debug|Any CPU = Debug|Any CPU
		Release|Any CPU = Release|Any CPU
	EndGlobalSection
	GlobalSection(ProjectConfigurationPlatforms) = postSolution
		{7504154F-D9CC-487A-8D6D-B661A5135E09}.Debug|Any CPU.ActiveCfg = Debug|Any CPU
		{7504154F-D9CC-487A-8D6D-B661A5135E09}.Debug|Any CPU.Build.0 = Debug|Any CPU
		{7504154F-D9CC-487A-8D6D-B661A5135E09}.Release|Any CPU.ActiveCfg = Release|Any CPU
		{7504154F-D9CC-487A-8D6D-B661A5135E09}.Release|Any CPU.Build.0 = Release|Any CPU
	EndGlobalSection
	GlobalSection(SolutionProperties) = preSolution
		HideSolutionNode = FALSE
	EndGlobalSection
	GlobalSection(ExtensibilityGlobals) = postSolution
		SolutionGuid = {B2C272E1-A7B4-45F2-AC2E-231DB6AE2297}
	EndGlobalSection
EndGlobal
